{
  "requires": true,
  "lockfileVersion": 1,
  "dependencies": {
    "@ionic/core": {
      "version": "4.11.2",
      "resolved": "https://registry.npmjs.org/@ionic/core/-/core-4.11.2.tgz",
      "integrity": "sha512-TQzOex1o9kdkI2gKFVGPHbZnSGDFnAdKMqLnN4qZg+WYZQj1/JRsn8l1qVD6z9Qb3ULxkHFfKGs6/RaTtlCh4w==",
      "requires": {
        "ionicons": "^4.6.3",
        "tslib": "^1.10.0"
      }
    },
    "@ionic/vue": {
      "version": "0.0.4",
      "resolved": "https://registry.npmjs.org/@ionic/vue/-/vue-0.0.4.tgz",
      "integrity": "sha512-SlLb9nhFcsUQ2u0cfZJBTEICp6bUghEGY2w/iP0RLnXjkdK5ht5Cu4pJrT4FIzrEpZ5rlf50x244pT3xV+yZJg==",
      "requires": {
        "@ionic/core": "^4.0.0"
      }
    },
    "ionicons": {
      "version": "4.6.3",
      "resolved": "https://registry.npmjs.org/ionicons/-/ionicons-4.6.3.tgz",
      "integrity": "sha512-cgP+VIr2cTJpMfFyVHTerq6n2jeoiGboVoe3GlaAo5zoSBDAEXORwUZhv6m+lCyxlsHCS3nqPUE+MKyZU71t8Q=="
    },
    "tslib": {
      "version": "1.10.0",
      "resolved": "https://registry.npmjs.org/tslib/-/tslib-1.10.0.tgz",
      "integrity": "sha512-qOebF53frne81cf0S9B41ByenJ3/IuH8yJKngAX35CmiZySA0khhkovshKK+jGCaMnVomla7gVlIcc3EvKPbTQ=="
    }
  }
}
